
Microsoft Visual Studio Solution File, Format Version 12.00
# Visual Studio 2013
VisualStudioVersion = 12.0.31101.0
MinimumVisualStudioVersion = 10.0.40219.1
Project("{2150E333-8FDC-42A3-9474-1A3956D46DE8}") = ".nuget", ".nuget", "{9C34EF0D-BCF4-491C-BC6D-8C5FD22BFD6D}"
	ProjectSection(SolutionItems) = preProject
		.nuget\NuGet.Config = .nuget\NuGet.Config
		.nuget\NuGet.exe = .nuget\NuGet.exe
	EndProjectSection
EndProject
Project("{FAE04EC0-301F-11D3-BF4B-00C04F79EFBC}") = "Servant.Updater", "Servant.Updater\Servant.Updater.csproj", "{6B1ECFEB-333B-41A9-860D-BCC653B5DAE6}"
EndProject
Project("{FAE04EC0-301F-11D3-BF4B-00C04F79EFBC}") = "Servant.Agent", "Servant.Agent\Servant.Agent.csproj", "{90AB2320-A198-4275-BF27-FAB83D6CE69C}"
EndProject
Project("{930C7802-8A8C-48F9-8165-68863BCCD9DD}") = "Servant.Agent.Installation", "Servant.Agent.Installation\Servant.Agent.Installation.wixproj", "{76114457-7D51-4F0E-AC93-A0B698A79B0D}"
EndProject
Project("{FAE04EC0-301F-11D3-BF4B-00C04F79EFBC}") = "Servant.Shared", "servant-shared\Servant.Shared.csproj", "{89771074-6322-4274-AE8D-1D6BC2DD5475}"
EndProject
Global
	GlobalSection(SolutionConfigurationPlatforms) = preSolution
		Debug|Any CPU = Debug|Any CPU
		Debug|Mixed Platforms = Debug|Mixed Platforms
		Debug|x86 = Debug|x86
		Release|Any CPU = Release|Any CPU
		Release|Mixed Platforms = Release|Mixed Platforms
		Release|x86 = Release|x86
	EndGlobalSection
	GlobalSection(ProjectConfigurationPlatforms) = postSolution
		{6B1ECFEB-333B-41A9-860D-BCC653B5DAE6}.Debug|Any CPU.ActiveCfg = Debug|Any CPU
		{6B1ECFEB-333B-41A9-860D-BCC653B5DAE6}.Debug|Any CPU.Build.0 = Debug|Any CPU
		{6B1ECFEB-333B-41A9-860D-BCC653B5DAE6}.Debug|Mixed Platforms.ActiveCfg = Debug|Any CPU
		{6B1ECFEB-333B-41A9-860D-BCC653B5DAE6}.Debug|Mixed Platforms.Build.0 = Debug|Any CPU
		{6B1ECFEB-333B-41A9-860D-BCC653B5DAE6}.Debug|x86.ActiveCfg = Debug|Any CPU
		{6B1ECFEB-333B-41A9-860D-BCC653B5DAE6}.Release|Any CPU.ActiveCfg = Release|Any CPU
		{6B1ECFEB-333B-41A9-860D-BCC653B5DAE6}.Release|Any CPU.Build.0 = Release|Any CPU
		{6B1ECFEB-333B-41A9-860D-BCC653B5DAE6}.Release|Mixed Platforms.ActiveCfg = Release|Any CPU
		{6B1ECFEB-333B-41A9-860D-BCC653B5DAE6}.Release|Mixed Platforms.Build.0 = Release|Any CPU
		{6B1ECFEB-333B-41A9-860D-BCC653B5DAE6}.Release|x86.ActiveCfg = Release|Any CPU
		{90AB2320-A198-4275-BF27-FAB83D6CE69C}.Debug|Any CPU.ActiveCfg = Debug|Any CPU
		{90AB2320-A198-4275-BF27-FAB83D6CE69C}.Debug|Any CPU.Build.0 = Debug|Any CPU
		{90AB2320-A198-4275-BF27-FAB83D6CE69C}.Debug|Mixed Platforms.ActiveCfg = Debug|Any CPU
		{90AB2320-A198-4275-BF27-FAB83D6CE69C}.Debug|Mixed Platforms.Build.0 = Debug|Any CPU
		{90AB2320-A198-4275-BF27-FAB83D6CE69C}.Debug|x86.ActiveCfg = Debug|Any CPU
		{90AB2320-A198-4275-BF27-FAB83D6CE69C}.Release|Any CPU.ActiveCfg = Release|Any CPU
		{90AB2320-A198-4275-BF27-FAB83D6CE69C}.Release|Any CPU.Build.0 = Release|Any CPU
		{90AB2320-A198-4275-BF27-FAB83D6CE69C}.Release|Mixed Platforms.ActiveCfg = Release|Any CPU
		{90AB2320-A198-4275-BF27-FAB83D6CE69C}.Release|Mixed Platforms.Build.0 = Release|Any CPU
		{90AB2320-A198-4275-BF27-FAB83D6CE69C}.Release|x86.ActiveCfg = Release|Any CPU
		{76114457-7D51-4F0E-AC93-A0B698A79B0D}.Debug|Any CPU.ActiveCfg = Debug|x86
		{76114457-7D51-4F0E-AC93-A0B698A79B0D}.Debug|Mixed Platforms.ActiveCfg = Debug|x86
		{76114457-7D51-4F0E-AC93-A0B698A79B0D}.Debug|x86.ActiveCfg = Debug|x86
		{76114457-7D51-4F0E-AC93-A0B698A79B0D}.Debug|x86.Build.0 = Debug|x86
		{76114457-7D51-4F0E-AC93-A0B698A79B0D}.Release|Any CPU.ActiveCfg = Release|x86
		{76114457-7D51-4F0E-AC93-A0B698A79B0D}.Release|Mixed Platforms.ActiveCfg = Release|x86
		{76114457-7D51-4F0E-AC93-A0B698A79B0D}.Release|x86.ActiveCfg = Release|x86
		{76114457-7D51-4F0E-AC93-A0B698A79B0D}.Release|x86.Build.0 = Release|x86
		{89771074-6322-4274-AE8D-1D6BC2DD5475}.Debug|Any CPU.ActiveCfg = Debug|Any CPU
		{89771074-6322-4274-AE8D-1D6BC2DD5475}.Debug|Any CPU.Build.0 = Debug|Any CPU
		{89771074-6322-4274-AE8D-1D6BC2DD5475}.Debug|Mixed Platforms.ActiveCfg = Debug|Any CPU
		{89771074-6322-4274-AE8D-1D6BC2DD5475}.Debug|Mixed Platforms.Build.0 = Debug|Any CPU
		{89771074-6322-4274-AE8D-1D6BC2DD5475}.Debug|x86.ActiveCfg = Debug|Any CPU
		{89771074-6322-4274-AE8D-1D6BC2DD5475}.Release|Any CPU.ActiveCfg = Release|Any CPU
		{89771074-6322-4274-AE8D-1D6BC2DD5475}.Release|Any CPU.Build.0 = Release|Any CPU
		{89771074-6322-4274-AE8D-1D6BC2DD5475}.Release|Mixed Platforms.ActiveCfg = Release|Any CPU
		{89771074-6322-4274-AE8D-1D6BC2DD5475}.Release|Mixed Platforms.Build.0 = Release|Any CPU
		{89771074-6322-4274-AE8D-1D6BC2DD5475}.Release|x86.ActiveCfg = Release|Any CPU
	EndGlobalSection
	GlobalSection(SolutionProperties) = preSolution
		HideSolutionNode = FALSE
	EndGlobalSection
EndGlobal
