
Microsoft Visual Studio Solution File, Format Version 12.00
# Visual Studio 2012
Project("{FAE04EC0-301F-11D3-BF4B-00C04F79EFBC}") = "Servant.Business", "Servant.Business\Servant.Business.csproj", "{91BA5146-45D2-4FCE-BF35-FA451BF7528D}"
EndProject
Project("{2150E333-8FDC-42A3-9474-1A3956D46DE8}") = ".nuget", ".nuget", "{9C34EF0D-BCF4-491C-BC6D-8C5FD22BFD6D}"
	ProjectSection(SolutionItems) = preProject
		.nuget\NuGet.Config = .nuget\NuGet.Config
		.nuget\NuGet.exe = .nuget\NuGet.exe
		.nuget\NuGet.targets = .nuget\NuGet.targets
	EndProjectSection
EndProject
Project("{FAE04EC0-301F-11D3-BF4B-00C04F79EFBC}") = "Servant.Server", "Servant.Server\Servant.Server.csproj", "{65975626-BB9A-4CF4-A81C-F7831D6DA23A}"
EndProject
Global
	GlobalSection(SolutionConfigurationPlatforms) = preSolution
		Debug|Any CPU = Debug|Any CPU
		Release|Any CPU = Release|Any CPU
	EndGlobalSection
	GlobalSection(ProjectConfigurationPlatforms) = postSolution
		{8CB5DF5B-080E-4607-A744-736A25B3E5E2}.Debug|Any CPU.ActiveCfg = Debug|Any CPU
		{8CB5DF5B-080E-4607-A744-736A25B3E5E2}.Debug|Any CPU.Build.0 = Debug|Any CPU
		{8CB5DF5B-080E-4607-A744-736A25B3E5E2}.Release|Any CPU.ActiveCfg = Release|Any CPU
		{8CB5DF5B-080E-4607-A744-736A25B3E5E2}.Release|Any CPU.Build.0 = Release|Any CPU
		{91BA5146-45D2-4FCE-BF35-FA451BF7528D}.Debug|Any CPU.ActiveCfg = Debug|Any CPU
		{91BA5146-45D2-4FCE-BF35-FA451BF7528D}.Debug|Any CPU.Build.0 = Debug|Any CPU
		{91BA5146-45D2-4FCE-BF35-FA451BF7528D}.Release|Any CPU.ActiveCfg = Release|Any CPU
		{91BA5146-45D2-4FCE-BF35-FA451BF7528D}.Release|Any CPU.Build.0 = Release|Any CPU
		{65975626-BB9A-4CF4-A81C-F7831D6DA23A}.Debug|Any CPU.ActiveCfg = Debug|Any CPU
		{65975626-BB9A-4CF4-A81C-F7831D6DA23A}.Debug|Any CPU.Build.0 = Debug|Any CPU
		{65975626-BB9A-4CF4-A81C-F7831D6DA23A}.Release|Any CPU.ActiveCfg = Release|Any CPU
		{65975626-BB9A-4CF4-A81C-F7831D6DA23A}.Release|Any CPU.Build.0 = Release|Any CPU
	EndGlobalSection
	GlobalSection(SolutionProperties) = preSolution
		HideSolutionNode = FALSE
	EndGlobalSection
EndGlobal
